// !$*UTF8*$!
{
	archiveVersion = 1;
	classes = {
	};
	objectVersion = 56;
	objects = {

/* Begin PBXBuildFile section */
		A609747A2A72B7C800595E69 /* little_lemon_appApp.swift in Sources */ = {isa = PBXBuildFile; fileRef = A60974792A72B7C800595E69 /* little_lemon_appApp.swift */; };
		A609747C2A72B7C800595E69 /* ContentView.swift in Sources */ = {isa = PBXBuildFile; fileRef = A609747B2A72B7C800595E69 /* ContentView.swift */; };
		A609747E2A72B7CA00595E69 /* Assets.xcassets in Resources */ = {isa = PBXBuildFile; fileRef = A609747D2A72B7CA00595E69 /* Assets.xcassets */; };
		A60974812A72B7CA00595E69 /* Preview Assets.xcassets in Resources */ = {isa = PBXBuildFile; fileRef = A60974802A72B7CA00595E69 /* Preview Assets.xcassets */; };
		A609748B2A72B7CB00595E69 /* little_lemon_appTests.swift in Sources */ = {isa = PBXBuildFile; fileRef = A609748A2A72B7CB00595E69 /* little_lemon_appTests.swift */; };
		A60974952A72B7CB00595E69 /* little_lemon_appUITests.swift in Sources */ = {isa = PBXBuildFile; fileRef = A60974942A72B7CB00595E69 /* little_lemon_appUITests.swift */; };
		A60974972A72B7CB00595E69 /* little_lemon_appUITestsLaunchTests.swift in Sources */ = {isa = PBXBuildFile; fileRef = A60974962A72B7CB00595E69 /* little_lemon_appUITestsLaunchTests.swift */; };
/* End PBXBuildFile section */

/* Begin PBXContainerItemProxy section */
		A60974872A72B7CB00595E69 /* PBXContainerItemProxy */ = {
			isa = PBXContainerItemProxy;
			containerPortal = A609746E2A72B7C800595E69 /* Project object */;
			proxyType = 1;
			remoteGlobalIDString = A60974752A72B7C800595E69;
			remoteInfo = "little-lemon-app";
		};
		A60974912A72B7CB00595E69 /* PBXContainerItemProxy */ = {
			isa = PBXContainerItemProxy;
			containerPortal = A609746E2A72B7C800595E69 /* Project object */;
			proxyType = 1;
			remoteGlobalIDString = A60974752A72B7C800595E69;
			remoteInfo = "little-lemon-app";
		};
/* End PBXContainerItemProxy section */

/* Begin PBXFileReference section */
		A60974762A72B7C800595E69 /* little-lemon-app.app */ = {isa = PBXFileReference; explicitFileType = wrapper.application; includeInIndex = 0; path = "little-lemon-app.app"; sourceTree = BUILT_PRODUCTS_DIR; };
		A60974792A72B7C800595E69 /* little_lemon_appApp.swift */ = {isa = PBXFileReference; lastKnownFileType = sourcecode.swift; path = little_lemon_appApp.swift; sourceTree = "<group>"; };
		A609747B2A72B7C800595E69 /* ContentView.swift */ = {isa = PBXFileReference; lastKnownFileType = sourcecode.swift; path = ContentView.swift; sourceTree = "<group>"; };
		A609747D2A72B7CA00595E69 /* Assets.xcassets */ = {isa = PBXFileReference; lastKnownFileType = folder.assetcatalog; path = Assets.xcassets; sourceTree = "<group>"; };
		A60974802A72B7CA00595E69 /* Preview Assets.xcassets */ = {isa = PBXFileReference; lastKnownFileType = folder.assetcatalog; path = "Preview Assets.xcassets"; sourceTree = "<group>"; };
		A60974862A72B7CB00595E69 /* little-lemon-appTests.xctest */ = {isa = PBXFileReference; explicitFileType = wrapper.cfbundle; includeInIndex = 0; path = "little-lemon-appTests.xctest"; sourceTree = BUILT_PRODUCTS_DIR; };
		A609748A2A72B7CB00595E69 /* little_lemon_appTests.swift */ = {isa = PBXFileReference; lastKnownFileType = sourcecode.swift; path = little_lemon_appTests.swift; sourceTree = "<group>"; };
		A60974902A72B7CB00595E69 /* little-lemon-appUITests.xctest */ = {isa = PBXFileReference; explicitFileType = wrapper.cfbundle; includeInIndex = 0; path = "little-lemon-appUITests.xctest"; sourceTree = BUILT_PRODUCTS_DIR; };
		A60974942A72B7CB00595E69 /* little_lemon_appUITests.swift */ = {isa = PBXFileReference; lastKnownFileType = sourcecode.swift; path = little_lemon_appUITests.swift; sourceTree = "<group>"; };
		A60974962A72B7CB00595E69 /* little_lemon_appUITestsLaunchTests.swift */ = {isa = PBXFileReference; lastKnownFileType = sourcecode.swift; path = little_lemon_appUITestsLaunchTests.swift; sourceTree = "<group>"; };
/* End PBXFileReference section */

/* Begin PBXFrameworksBuildPhase section */
		A60974732A72B7C800595E69 /* Frameworks */ = {
			isa = PBXFrameworksBuildPhase;
			buildActionMask = 2147483647;
			files = (
			);
			runOnlyForDeploymentPostprocessing = 0;
		};
		A60974832A72B7CB00595E69 /* Frameworks */ = {
			isa = PBXFrameworksBuildPhase;
			buildActionMask = 2147483647;
			files = (
			);
			runOnlyForDeploymentPostprocessing = 0;
		};
		A609748D2A72B7CB00595E69 /* Frameworks */ = {
			isa = PBXFrameworksBuildPhase;
			buildActionMask = 2147483647;
			files = (
			);
			runOnlyForDeploymentPostprocessing = 0;
		};
/* End PBXFrameworksBuildPhase section */

/* Begin PBXGroup section */
		A609746D2A72B7C800595E69 = {
			isa = PBXGroup;
			children = (
				A60974782A72B7C800595E69 /* little-lemon-app */,
				A60974892A72B7CB00595E69 /* little-lemon-appTests */,
				A60974932A72B7CB00595E69 /* little-lemon-appUITests */,
				A60974772A72B7C800595E69 /* Products */,
			);
			sourceTree = "<group>";
		};
		A60974772A72B7C800595E69 /* Products */ = {
			isa = PBXGroup;
			children = (
				A60974762A72B7C800595E69 /* little-lemon-app.app */,
				A60974862A72B7CB00595E69 /* little-lemon-appTests.xctest */,
				A60974902A72B7CB00595E69 /* little-lemon-appUITests.xctest */,
			);
			name = Products;
			sourceTree = "<group>";
		};
		A60974782A72B7C800595E69 /* little-lemon-app */ = {
			isa = PBXGroup;
			children = (
				A60974792A72B7C800595E69 /* little_lemon_appApp.swift */,
				A609747B2A72B7C800595E69 /* ContentView.swift */,
				A609747D2A72B7CA00595E69 /* Assets.xcassets */,
				A609747F2A72B7CA00595E69 /* Preview Content */,
			);
			path = "little-lemon-app";
			sourceTree = "<group>";
		};
		A609747F2A72B7CA00595E69 /* Preview Content */ = {
			isa = PBXGroup;
			children = (
				A60974802A72B7CA00595E69 /* Preview Assets.xcassets */,
			);
			path = "Preview Content";
			sourceTree = "<group>";
		};
		A60974892A72B7CB00595E69 /* little-lemon-appTests */ = {
			isa = PBXGroup;
			children = (
				A609748A2A72B7CB00595E69 /* little_lemon_appTests.swift */,
			);
			path = "little-lemon-appTests";
			sourceTree = "<group>";
		};
		A60974932A72B7CB00595E69 /* little-lemon-appUITests */ = {
			isa = PBXGroup;
			children = (
				A60974942A72B7CB00595E69 /* little_lemon_appUITests.swift */,
				A60974962A72B7CB00595E69 /* little_lemon_appUITestsLaunchTests.swift */,
			);
			path = "little-lemon-appUITests";
			sourceTree = "<group>";
		};
/* End PBXGroup section */

/* Begin PBXNativeTarget section */
		A60974752A72B7C800595E69 /* little-lemon-app */ = {
			isa = PBXNativeTarget;
			buildConfigurationList = A609749A2A72B7CB00595E69 /* Build configuration list for PBXNativeTarget "little-lemon-app" */;
			buildPhases = (
				A60974722A72B7C800595E69 /* Sources */,
				A60974732A72B7C800595E69 /* Frameworks */,
				A60974742A72B7C800595E69 /* Resources */,
			);
			buildRules = (
			);
			dependencies = (
			);
			name = "little-lemon-app";
			productName = "little-lemon-app";
			productReference = A60974762A72B7C800595E69 /* little-lemon-app.app */;
			productType = "com.apple.product-type.application";
		};
		A60974852A72B7CB00595E69 /* little-lemon-appTests */ = {
			isa = PBXNativeTarget;
			buildConfigurationList = A609749D2A72B7CB00595E69 /* Build configuration list for PBXNativeTarget "little-lemon-appTests" */;
			buildPhases = (
				A60974822A72B7CB00595E69 /* Sources */,
				A60974832A72B7CB00595E69 /* Frameworks */,
				A60974842A72B7CB00595E69 /* Resources */,
			);
			buildRules = (
			);
			dependencies = (
				A60974882A72B7CB00595E69 /* PBXTargetDependency */,
			);
			name = "little-lemon-appTests";
			productName = "little-lemon-appTests";
			productReference = A60974862A72B7CB00595E69 /* little-lemon-appTests.xctest */;
			productType = "com.apple.product-type.bundle.unit-test";
		};
		A609748F2A72B7CB00595E69 /* little-lemon-appUITests */ = {
			isa = PBXNativeTarget;
			buildConfigurationList = A60974A02A72B7CB00595E69 /* Build configuration list for PBXNativeTarget "little-lemon-appUITests" */;
			buildPhases = (
				A609748C2A72B7CB00595E69 /* Sources */,
				A609748D2A72B7CB00595E69 /* Frameworks */,
				A609748E2A72B7CB00595E69 /* Resources */,
			);
			buildRules = (
			);
			dependencies = (
				A60974922A72B7CB00595E69 /* PBXTargetDependency */,
			);
			name = "little-lemon-appUITests";
			productName = "little-lemon-appUITests";
			productReference = A60974902A72B7CB00595E69 /* little-lemon-appUITests.xctest */;
			productType = "com.apple.product-type.bundle.ui-testing";
		};
/* End PBXNativeTarget section */

/* Begin PBXProject section */
		A609746E2A72B7C800595E69 /* Project object */ = {
			isa = PBXProject;
			attributes = {
				BuildIndependentTargetsInParallel = 1;
				LastSwiftUpdateCheck = 1430;
				LastUpgradeCheck = 1430;
				TargetAttributes = {
					A60974752A72B7C800595E69 = {
						CreatedOnToolsVersion = 14.3.1;
					};
					A60974852A72B7CB00595E69 = {
						CreatedOnToolsVersion = 14.3.1;
						TestTargetID = A60974752A72B7C800595E69;
					};
					A609748F2A72B7CB00595E69 = {
						CreatedOnToolsVersion = 14.3.1;
						TestTargetID = A60974752A72B7C800595E69;
					};
				};
			};
			buildConfigurationList = A60974712A72B7C800595E69 /* Build configuration list for PBXProject "little-lemon-app" */;
			compatibilityVersion = "Xcode 14.0";
			developmentRegion = en;
			hasScannedForEncodings = 0;
			knownRegions = (
				en,
				Base,
			);
			mainGroup = A609746D2A72B7C800595E69;
			productRefGroup = A60974772A72B7C800595E69 /* Products */;
			projectDirPath = "";
			projectRoot = "";
			targets = (
				A60974752A72B7C800595E69 /* little-lemon-app */,
				A60974852A72B7CB00595E69 /* little-lemon-appTests */,
				A609748F2A72B7CB00595E69 /* little-lemon-appUITests */,
			);
		};
/* End PBXProject section */

/* Begin PBXResourcesBuildPhase section */
		A60974742A72B7C800595E69 /* Resources */ = {
			isa = PBXResourcesBuildPhase;
			buildActionMask = 2147483647;
			files = (
				A60974812A72B7CA00595E69 /* Preview Assets.xcassets in Resources */,
				A609747E2A72B7CA00595E69 /* Assets.xcassets in Resources */,
			);
			runOnlyForDeploymentPostprocessing = 0;
		};
		A60974842A72B7CB00595E69 /* Resources */ = {
			isa = PBXResourcesBuildPhase;
			buildActionMask = 2147483647;
			files = (
			);
			runOnlyForDeploymentPostprocessing = 0;
		};
		A609748E2A72B7CB00595E69 /* Resources */ = {
			isa = PBXResourcesBuildPhase;
			buildActionMask = 2147483647;
			files = (
			);
			runOnlyForDeploymentPostprocessing = 0;
		};
/* End PBXResourcesBuildPhase section */

/* Begin PBXSourcesBuildPhase section */
		A60974722A72B7C800595E69 /* Sources */ = {
			isa = PBXSourcesBuildPhase;
			buildActionMask = 2147483647;
			files = (
				A609747C2A72B7C800595E69 /* ContentView.swift in Sources */,
				A609747A2A72B7C800595E69 /* little_lemon_appApp.swift in Sources */,
			);
			runOnlyForDeploymentPostprocessing = 0;
		};
		A60974822A72B7CB00595E69 /* Sources */ = {
			isa = PBXSourcesBuildPhase;
			buildActionMask = 2147483647;
			files = (
				A609748B2A72B7CB00595E69 /* little_lemon_appTests.swift in Sources */,
			);
			runOnlyForDeploymentPostprocessing = 0;
		};
		A609748C2A72B7CB00595E69 /* Sources */ = {
			isa = PBXSourcesBuildPhase;
			buildActionMask = 2147483647;
			files = (
				A60974972A72B7CB00595E69 /* little_lemon_appUITestsLaunchTests.swift in Sources */,
				A60974952A72B7CB00595E69 /* little_lemon_appUITests.swift in Sources */,
			);
			runOnlyForDeploymentPostprocessing = 0;
		};
/* End PBXSourcesBuildPhase section */

/* Begin PBXTargetDependency section */
		A60974882A72B7CB00595E69 /* PBXTargetDependency */ = {
			isa = PBXTargetDependency;
			target = A60974752A72B7C800595E69 /* little-lemon-app */;
			targetProxy = A60974872A72B7CB00595E69 /* PBXContainerItemProxy */;
		};
		A60974922A72B7CB00595E69 /* PBXTargetDependency */ = {
			isa = PBXTargetDependency;
			target = A60974752A72B7C800595E69 /* little-lemon-app */;
			targetProxy = A60974912A72B7CB00595E69 /* PBXContainerItemProxy */;
		};
/* End PBXTargetDependency section */

/* Begin XCBuildConfiguration section */
		A60974982A72B7CB00595E69 /* Debug */ = {
			isa = XCBuildConfiguration;
			buildSettings = {
				ALWAYS_SEARCH_USER_PATHS = NO;
				CLANG_ANALYZER_NONNULL = YES;
				CLANG_ANALYZER_NUMBER_OBJECT_CONVERSION = YES_AGGRESSIVE;
				CLANG_CXX_LANGUAGE_STANDARD = "gnu++20";
				CLANG_ENABLE_MODULES = YES;
				CLANG_ENABLE_OBJC_ARC = YES;
				CLANG_ENABLE_OBJC_WEAK = YES;
				CLANG_WARN_BLOCK_CAPTURE_AUTORELEASING = YES;
				CLANG_WARN_BOOL_CONVERSION = YES;
				CLANG_WARN_COMMA = YES;
				CLANG_WARN_CONSTANT_CONVERSION = YES;
				CLANG_WARN_DEPRECATED_OBJC_IMPLEMENTATIONS = YES;
				CLANG_WARN_DIRECT_OBJC_ISA_USAGE = YES_ERROR;
				CLANG_WARN_DOCUMENTATION_COMMENTS = YES;
				CLANG_WARN_EMPTY_BODY = YES;
				CLANG_WARN_ENUM_CONVERSION = YES;
				CLANG_WARN_INFINITE_RECURSION = YES;
				CLANG_WARN_INT_CONVERSION = YES;
				CLANG_WARN_NON_LITERAL_NULL_CONVERSION = YES;
				CLANG_WARN_OBJC_IMPLICIT_RETAIN_SELF = YES;
				CLANG_WARN_OBJC_LITERAL_CONVERSION = YES;
				CLANG_WARN_OBJC_ROOT_CLASS = YES_ERROR;
				CLANG_WARN_QUOTED_INCLUDE_IN_FRAMEWORK_HEADER = YES;
				CLANG_WARN_RANGE_LOOP_ANALYSIS = YES;
				CLANG_WARN_STRICT_PROTOTYPES = YES;
				CLANG_WARN_SUSPICIOUS_MOVE = YES;
				CLANG_WARN_UNGUARDED_AVAILABILITY = YES_AGGRESSIVE;
				CLANG_WARN_UNREACHABLE_CODE = YES;
				CLANG_WARN__DUPLICATE_METHOD_MATCH = YES;
				COPY_PHASE_STRIP = NO;
				DEBUG_INFORMATION_FORMAT = dwarf;
				ENABLE_STRICT_OBJC_MSGSEND = YES;
				ENABLE_TESTABILITY = YES;
				GCC_C_LANGUAGE_STANDARD = gnu11;
				GCC_DYNAMIC_NO_PIC = NO;
				GCC_NO_COMMON_BLOCKS = YES;
				GCC_OPTIMIZATION_LEVEL = 0;
				GCC_PREPROCESSOR_DEFINITIONS = (
					"DEBUG=1",
					"$(inherited)",
				);
				GCC_WARN_64_TO_32_BIT_CONVERSION = YES;
				GCC_WARN_ABOUT_RETURN_TYPE = YES_ERROR;
				GCC_WARN_UNDECLARED_SELECTOR = YES;
				GCC_WARN_UNINITIALIZED_AUTOS = YES_AGGRESSIVE;
				GCC_WARN_UNUSED_FUNCTION = YES;
				GCC_WARN_UNUSED_VARIABLE = YES;
				IPHONEOS_DEPLOYMENT_TARGET = 16.4;
				MTL_ENABLE_DEBUG_INFO = INCLUDE_SOURCE;
				MTL_FAST_MATH = YES;
				ONLY_ACTIVE_ARCH = YES;
				SDKROOT = iphoneos;
				SWIFT_ACTIVE_COMPILATION_CONDITIONS = DEBUG;
				SWIFT_OPTIMIZATION_LEVEL = "-Onone";
			};
			name = Debug;
		};
		A60974992A72B7CB00595E69 /* Release */ = {
			isa = XCBuildConfiguration;
			buildSettings = {
				ALWAYS_SEARCH_USER_PATHS = NO;
				CLANG_ANALYZER_NONNULL = YES;
				CLANG_ANALYZER_NUMBER_OBJECT_CONVERSION = YES_AGGRESSIVE;
				CLANG_CXX_LANGUAGE_STANDARD = "gnu++20";
				CLANG_ENABLE_MODULES = YES;
				CLANG_ENABLE_OBJC_ARC = YES;
				CLANG_ENABLE_OBJC_WEAK = YES;
				CLANG_WARN_BLOCK_CAPTURE_AUTORELEASING = YES;
				CLANG_WARN_BOOL_CONVERSION = YES;
				CLANG_WARN_COMMA = YES;
				CLANG_WARN_CONSTANT_CONVERSION = YES;
				CLANG_WARN_DEPRECATED_OBJC_IMPLEMENTATIONS = YES;
				CLANG_WARN_DIRECT_OBJC_ISA_USAGE = YES_ERROR;
				CLANG_WARN_DOCUMENTATION_COMMENTS = YES;
				CLANG_WARN_EMPTY_BODY = YES;
				CLANG_WARN_ENUM_CONVERSION = YES;
				CLANG_WARN_INFINITE_RECURSION = YES;
				CLANG_WARN_INT_CONVERSION = YES;
				CLANG_WARN_NON_LITERAL_NULL_CONVERSION = YES;
				CLANG_WARN_OBJC_IMPLICIT_RETAIN_SELF = YES;
				CLANG_WARN_OBJC_LITERAL_CONVERSION = YES;
				CLANG_WARN_OBJC_ROOT_CLASS = YES_ERROR;
				CLANG_WARN_QUOTED_INCLUDE_IN_FRAMEWORK_HEADER = YES;
				CLANG_WARN_RANGE_LOOP_ANALYSIS = YES;
				CLANG_WARN_STRICT_PROTOTYPES = YES;
				CLANG_WARN_SUSPICIOUS_MOVE = YES;
				CLANG_WARN_UNGUARDED_AVAILABILITY = YES_AGGRESSIVE;
				CLANG_WARN_UNREACHABLE_CODE = YES;
				CLANG_WARN__DUPLICATE_METHOD_MATCH = YES;
				COPY_PHASE_STRIP = NO;
				DEBUG_INFORMATION_FORMAT = "dwarf-with-dsym";
				ENABLE_NS_ASSERTIONS = NO;
				ENABLE_STRICT_OBJC_MSGSEND = YES;
				GCC_C_LANGUAGE_STANDARD = gnu11;
				GCC_NO_COMMON_BLOCKS = YES;
				GCC_WARN_64_TO_32_BIT_CONVERSION = YES;
				GCC_WARN_ABOUT_RETURN_TYPE = YES_ERROR;
				GCC_WARN_UNDECLARED_SELECTOR = YES;
				GCC_WARN_UNINITIALIZED_AUTOS = YES_AGGRESSIVE;
				GCC_WARN_UNUSED_FUNCTION = YES;
				GCC_WARN_UNUSED_VARIABLE = YES;
				IPHONEOS_DEPLOYMENT_TARGET = 16.4;
				MTL_ENABLE_DEBUG_INFO = NO;
				MTL_FAST_MATH = YES;
				SDKROOT = iphoneos;
				SWIFT_COMPILATION_MODE = wholemodule;
				SWIFT_OPTIMIZATION_LEVEL = "-O";
				VALIDATE_PRODUCT = YES;
			};
			name = Release;
		};
		A609749B2A72B7CB00595E69 /* Debug */ = {
			isa = XCBuildConfiguration;
			buildSettings = {
				ASSETCATALOG_COMPILER_APPICON_NAME = AppIcon;
				ASSETCATALOG_COMPILER_GLOBAL_ACCENT_COLOR_NAME = AccentColor;
				CODE_SIGN_STYLE = Automatic;
				CURRENT_PROJECT_VERSION = 1;
				DEVELOPMENT_ASSET_PATHS = "\"little-lemon-app/Preview Content\"";
				ENABLE_PREVIEWS = YES;
				GENERATE_INFOPLIST_FILE = YES;
				INFOPLIST_KEY_UIApplicationSceneManifest_Generation = YES;
				INFOPLIST_KEY_UIApplicationSupportsIndirectInputEvents = YES;
				INFOPLIST_KEY_UILaunchScreen_Generation = YES;
				INFOPLIST_KEY_UISupportedInterfaceOrientations_iPad = "UIInterfaceOrientationPortrait UIInterfaceOrientationPortraitUpsideDown UIInterfaceOrientationLandscapeLeft UIInterfaceOrientationLandscapeRight";
				INFOPLIST_KEY_UISupportedInterfaceOrientations_iPhone = "UIInterfaceOrientationPortrait UIInterfaceOrientationLandscapeLeft UIInterfaceOrientationLandscapeRight";
				LD_RUNPATH_SEARCH_PATHS = (
					"$(inherited)",
					"@executable_path/Frameworks",
				);
				MARKETING_VERSION = 1.0;
				PRODUCT_BUNDLE_IDENTIFIER = "anagi.little-lemon-app";
				PRODUCT_NAME = "$(TARGET_NAME)";
				SWIFT_EMIT_LOC_STRINGS = YES;
				SWIFT_VERSION = 5.0;
				TARGETED_DEVICE_FAMILY = "1,2";
			};
			name = Debug;
		};
		A609749C2A72B7CB00595E69 /* Release */ = {
			isa = XCBuildConfiguration;
			buildSettings = {
				ASSETCATALOG_COMPILER_APPICON_NAME = AppIcon;
				ASSETCATALOG_COMPILER_GLOBAL_ACCENT_COLOR_NAME = AccentColor;
				CODE_SIGN_STYLE = Automatic;
				CURRENT_PROJECT_VERSION = 1;
				DEVELOPMENT_ASSET_PATHS = "\"little-lemon-app/Preview Content\"";
				ENABLE_PREVIEWS = YES;
				GENERATE_INFOPLIST_FILE = YES;
				INFOPLIST_KEY_UIApplicationSceneManifest_Generation = YES;
				INFOPLIST_KEY_UIApplicationSupportsIndirectInputEvents = YES;
				INFOPLIST_KEY_UILaunchScreen_Generation = YES;
				INFOPLIST_KEY_UISupportedInterfaceOrientations_iPad = "UIInterfaceOrientationPortrait UIInterfaceOrientationPortraitUpsideDown UIInterfaceOrientationLandscapeLeft UIInterfaceOrientationLandscapeRight";
				INFOPLIST_KEY_UISupportedInterfaceOrientations_iPhone = "UIInterfaceOrientationPortrait UIInterfaceOrientationLandscapeLeft UIInterfaceOrientationLandscapeRight";
				LD_RUNPATH_SEARCH_PATHS = (
					"$(inherited)",
					"@executable_path/Frameworks",
				);
				MARKETING_VERSION = 1.0;
				PRODUCT_BUNDLE_IDENTIFIER = "anagi.little-lemon-app";
				PRODUCT_NAME = "$(TARGET_NAME)";
				SWIFT_EMIT_LOC_STRINGS = YES;
				SWIFT_VERSION = 5.0;
				TARGETED_DEVICE_FAMILY = "1,2";
			};
			name = Release;
		};
		A609749E2A72B7CB00595E69 /* Debug */ = {
			isa = XCBuildConfiguration;
			buildSettings = {
				ALWAYS_EMBED_SWIFT_STANDARD_LIBRARIES = YES;
				BUNDLE_LOADER = "$(TEST_HOST)";
				CODE_SIGN_STYLE = Automatic;
				CURRENT_PROJECT_VERSION = 1;
				GENERATE_INFOPLIST_FILE = YES;
				IPHONEOS_DEPLOYMENT_TARGET = 16.4;
				MARKETING_VERSION = 1.0;
				PRODUCT_BUNDLE_IDENTIFIER = "anagi.little-lemon-appTests";
				PRODUCT_NAME = "$(TARGET_NAME)";
				SWIFT_EMIT_LOC_STRINGS = NO;
				SWIFT_VERSION = 5.0;
				TARGETED_DEVICE_FAMILY = "1,2";
				TEST_HOST = "$(BUILT_PRODUCTS_DIR)/little-lemon-app.app/$(BUNDLE_EXECUTABLE_FOLDER_PATH)/little-lemon-app";
			};
			name = Debug;
		};
		A609749F2A72B7CB00595E69 /* Release */ = {
			isa = XCBuildConfiguration;
			buildSettings = {
				ALWAYS_EMBED_SWIFT_STANDARD_LIBRARIES = YES;
				BUNDLE_LOADER = "$(TEST_HOST)";
				CODE_SIGN_STYLE = Automatic;
				CURRENT_PROJECT_VERSION = 1;
				GENERATE_INFOPLIST_FILE = YES;
				IPHONEOS_DEPLOYMENT_TARGET = 16.4;
				MARKETING_VERSION = 1.0;
				PRODUCT_BUNDLE_IDENTIFIER = "anagi.little-lemon-appTests";
				PRODUCT_NAME = "$(TARGET_NAME)";
				SWIFT_EMIT_LOC_STRINGS = NO;
				SWIFT_VERSION = 5.0;
				TARGETED_DEVICE_FAMILY = "1,2";
				TEST_HOST = "$(BUILT_PRODUCTS_DIR)/little-lemon-app.app/$(BUNDLE_EXECUTABLE_FOLDER_PATH)/little-lemon-app";
			};
			name = Release;
		};
		A60974A12A72B7CB00595E69 /* Debug */ = {
			isa = XCBuildConfiguration;
			buildSettings = {
				ALWAYS_EMBED_SWIFT_STANDARD_LIBRARIES = YES;
				CODE_SIGN_STYLE = Automatic;
				CURRENT_PROJECT_VERSION = 1;
				GENERATE_INFOPLIST_FILE = YES;
				MARKETING_VERSION = 1.0;
				PRODUCT_BUNDLE_IDENTIFIER = "anagi.little-lemon-appUITests";
				PRODUCT_NAME = "$(TARGET_NAME)";
				SWIFT_EMIT_LOC_STRINGS = NO;
				SWIFT_VERSION = 5.0;
				TARGETED_DEVICE_FAMILY = "1,2";
				TEST_TARGET_NAME = "little-lemon-app";
			};
			name = Debug;
		};
		A60974A22A72B7CB00595E69 /* Release */ = {
			isa = XCBuildConfiguration;
			buildSettings = {
				ALWAYS_EMBED_SWIFT_STANDARD_LIBRARIES = YES;
				CODE_SIGN_STYLE = Automatic;
				CURRENT_PROJECT_VERSION = 1;
				GENERATE_INFOPLIST_FILE = YES;
				MARKETING_VERSION = 1.0;
				PRODUCT_BUNDLE_IDENTIFIER = "anagi.little-lemon-appUITests";
				PRODUCT_NAME = "$(TARGET_NAME)";
				SWIFT_EMIT_LOC_STRINGS = NO;
				SWIFT_VERSION = 5.0;
				TARGETED_DEVICE_FAMILY = "1,2";
				TEST_TARGET_NAME = "little-lemon-app";
			};
			name = Release;
		};
/* End XCBuildConfiguration section */

/* Begin XCConfigurationList section */
		A60974712A72B7C800595E69 /* Build configuration list for PBXProject "little-lemon-app" */ = {
			isa = XCConfigurationList;
			buildConfigurations = (
				A60974982A72B7CB00595E69 /* Debug */,
				A60974992A72B7CB00595E69 /* Release */,
			);
			defaultConfigurationIsVisible = 0;
			defaultConfigurationName = Release;
		};
		A609749A2A72B7CB00595E69 /* Build configuration list for PBXNativeTarget "little-lemon-app" */ = {
			isa = XCConfigurationList;
			buildConfigurations = (
				A609749B2A72B7CB00595E69 /* Debug */,
				A609749C2A72B7CB00595E69 /* Release */,
			);
			defaultConfigurationIsVisible = 0;
			defaultConfigurationName = Release;
		};
		A609749D2A72B7CB00595E69 /* Build configuration list for PBXNativeTarget "little-lemon-appTests" */ = {
			isa = XCConfigurationList;
			buildConfigurations = (
				A609749E2A72B7CB00595E69 /* Debug */,
				A609749F2A72B7CB00595E69 /* Release */,
			);
			defaultConfigurationIsVisible = 0;
			defaultConfigurationName = Release;
		};
		A60974A02A72B7CB00595E69 /* Build configuration list for PBXNativeTarget "little-lemon-appUITests" */ = {
			isa = XCConfigurationList;
			buildConfigurations = (
				A60974A12A72B7CB00595E69 /* Debug */,
				A60974A22A72B7CB00595E69 /* Release */,
			);
			defaultConfigurationIsVisible = 0;
			defaultConfigurationName = Release;
		};
/* End XCConfigurationList section */
	};
	rootObject = A609746E2A72B7C800595E69 /* Project object */;
}
